Microsoft Visual Studio Solution File, Format Version 12.00
# Visual Studio 2012
Project("{FAE04EC0-301F-11D3-BF4B-00C04F79EFBC}") = "Soviet Runner Version 1", "Soviet Runner Version 1.csproj", "{8D510FAD-5733-4CE6-8952-C03F1777C919}"
EndProject
Global
	GlobalSection(SolutionConfigurationPlatforms) = preSolution
	Debug|Any CPU = Debug|Any CPU
	Release|Any CPU = Release|Any CPU
	Tools|Any CPU = Tools|Any CPU
	EndGlobalSection
	GlobalSection(ProjectConfigurationPlatforms) = postSolution
		{8D510FAD-5733-4CE6-8952-C03F1777C919}.Debug|Any CPU.ActiveCfg = Debug|Any CPU
		{8D510FAD-5733-4CE6-8952-C03F1777C919}.Debug|Any CPU.Build.0 = Debug|Any CPU
		{8D510FAD-5733-4CE6-8952-C03F1777C919}.Release|Any CPU.ActiveCfg = Release|Any CPU
		{8D510FAD-5733-4CE6-8952-C03F1777C919}.Release|Any CPU.Build.0 = Release|Any CPU
		{8D510FAD-5733-4CE6-8952-C03F1777C919}.Tools|Any CPU.ActiveCfg = Tools|Any CPU
		{8D510FAD-5733-4CE6-8952-C03F1777C919}.Tools|Any CPU.Build.0 = Tools|Any CPU
	EndGlobalSection
EndGlobal
